{
  "name": "app",
  "version": "1.0.0",
  "lockfileVersion": 3,
  "requires": true,
  "packages": {
    "": {
      "name": "app",
      "version": "1.0.0",
      "license": "ISC",
      "dependencies": {
        "@henrique-pignatari/date-util": "^1.0.0"
      }
    },
    "node_modules/@henrique-pignatari/date-util": {
      "version": "1.0.0",
      "resolved": "http://localhost:4873/@henrique-pignatari/date-util/-/date-util-1.0.0.tgz",
      "integrity": "sha512-Kp76RtXIFeaKVfDsGcRkQ8r3qLShtpEkVUYNqOxCxNJIQoc5wV0YfsdyFE6L9tlhQpoquzCp8WtO/PdJ14xiQA==",
      "dependencies": {
        "@henrique-pignatari/string-util": "^1.0.0"
      }
    },
    "node_modules/@henrique-pignatari/string-util": {
      "version": "1.0.0",
      "resolved": "http://localhost:4873/@henrique-pignatari/string-util/-/string-util-1.0.0.tgz",
      "integrity": "sha512-RlCjam5aCU5pVxRLiDS7pGgGoti0QSwaIghq/IH+W9QEBy2IId+rRpi5ushXcS+yuZrTxrg008aJm2H3Iq5AJg=="
    }
  }
}
