{
  "name": "myapp",
  "version": "1.0.0",
  "lockfileVersion": 3,
  "requires": true,
  "packages": {
    "": {
      "name": "myapp",
      "version": "1.0.0",
      "license": "ISC",
      "dependencies": {
        "@henrique-pignatari/fluent-sql": "^2.0.0"
      }
    },
    "node_modules/@henrique-pignatari/fluent-sql": {
      "version": "2.0.0",
      "resolved": "https://registry.npmjs.org/@henrique-pignatari/fluent-sql/-/fluent-sql-2.0.0.tgz",
      "integrity": "sha512-lyIaZDH8Hi+S1NQbKp8FHaL+y36OHJSae6Gq9G2kV2AGpHdJPURndKb7+xABPMj0konhc/uZwhEhSP/7d9Q5KA=="
    }
  }
}
